// !$*UTF8*$!
{
	archiveVersion = 1;
	classes = {
	};
	objectVersion = 77;
	objects = {

/* Begin PBXContainerItemProxy section */
		AC1CE5AB2DACCF08007222D3 /* PBXContainerItemProxy */ = {
			isa = PBXContainerItemProxy;
			containerPortal = AC1CE58C2DACCF07007222D3 /* Project object */;
			proxyType = 1;
			remoteGlobalIDString = AC1CE5932DACCF07007222D3;
			remoteInfo = "mvonbehr-hw1";
		};
		AC1CE5B52DACCF08007222D3 /* PBXContainerItemProxy */ = {
			isa = PBXContainerItemProxy;
			containerPortal = AC1CE58C2DACCF07007222D3 /* Project object */;
			proxyType = 1;
			remoteGlobalIDString = AC1CE5932DACCF07007222D3;
			remoteInfo = "mvonbehr-hw1";
		};
/* End PBXContainerItemProxy section */

/* Begin PBXFileReference section */
		AC1CE5942DACCF07007222D3 /* mvonbehr-hw1.app */ = {isa = PBXFileReference; explicitFileType = wrapper.application; includeInIndex = 0; path = "mvonbehr-hw1.app"; sourceTree = BUILT_PRODUCTS_DIR; };
		AC1CE5AA2DACCF08007222D3 /* mvonbehr-hw1Tests.xctest */ = {isa = PBXFileReference; explicitFileType = wrapper.cfbundle; includeInIndex = 0; path = "mvonbehr-hw1Tests.xctest"; sourceTree = BUILT_PRODUCTS_DIR; };
		AC1CE5B42DACCF08007222D3 /* mvonbehr-hw1UITests.xctest */ = {isa = PBXFileReference; explicitFileType = wrapper.cfbundle; includeInIndex = 0; path = "mvonbehr-hw1UITests.xctest"; sourceTree = BUILT_PRODUCTS_DIR; };
/* End PBXFileReference section */

/* Begin PBXFileSystemSynchronizedBuildFileExceptionSet section */
		AC1CE5BC2DACCF08007222D3 /* Exceptions for "mvonbehr-hw1" folder in "mvonbehr-hw1" target */ = {
			isa = PBXFileSystemSynchronizedBuildFileExceptionSet;
			membershipExceptions = (
				Info.plist,
			);
			target = AC1CE5932DACCF07007222D3 /* mvonbehr-hw1 */;
		};
/* End PBXFileSystemSynchronizedBuildFileExceptionSet section */

/* Begin PBXFileSystemSynchronizedRootGroup section */
		AC1CE5962DACCF07007222D3 /* mvonbehr-hw1 */ = {
			isa = PBXFileSystemSynchronizedRootGroup;
			exceptions = (
				AC1CE5BC2DACCF08007222D3 /* Exceptions for "mvonbehr-hw1" folder in "mvonbehr-hw1" target */,
			);
			path = "mvonbehr-hw1";
			sourceTree = "<group>";
		};
		AC1CE5AD2DACCF08007222D3 /* mvonbehr-hw1Tests */ = {
			isa = PBXFileSystemSynchronizedRootGroup;
			path = "mvonbehr-hw1Tests";
			sourceTree = "<group>";
		};
		AC1CE5B72DACCF08007222D3 /* mvonbehr-hw1UITests */ = {
			isa = PBXFileSystemSynchronizedRootGroup;
			path = "mvonbehr-hw1UITests";
			sourceTree = "<group>";
		};
/* End PBXFileSystemSynchronizedRootGroup section */

/* Begin PBXFrameworksBuildPhase section */
		AC1CE5912DACCF07007222D3 /* Frameworks */ = {
			isa = PBXFrameworksBuildPhase;
			buildActionMask = 2147483647;
			files = (
			);
			runOnlyForDeploymentPostprocessing = 0;
		};
		AC1CE5A72DACCF08007222D3 /* Frameworks */ = {
			isa = PBXFrameworksBuildPhase;
			buildActionMask = 2147483647;
			files = (
			);
			runOnlyForDeploymentPostprocessing = 0;
		};
		AC1CE5B12DACCF08007222D3 /* Frameworks */ = {
			isa = PBXFrameworksBuildPhase;
			buildActionMask = 2147483647;
			files = (
			);
			runOnlyForDeploymentPostprocessing = 0;
		};
/* End PBXFrameworksBuildPhase section */

/* Begin PBXGroup section */
		AC1CE58B2DACCF07007222D3 = {
			isa = PBXGroup;
			children = (
				AC1CE5962DACCF07007222D3 /* mvonbehr-hw1 */,
				AC1CE5AD2DACCF08007222D3 /* mvonbehr-hw1Tests */,
				AC1CE5B72DACCF08007222D3 /* mvonbehr-hw1UITests */,
				AC1CE5952DACCF07007222D3 /* Products */,
			);
			sourceTree = "<group>";
		};
		AC1CE5952DACCF07007222D3 /* Products */ = {
			isa = PBXGroup;
			children = (
				AC1CE5942DACCF07007222D3 /* mvonbehr-hw1.app */,
				AC1CE5AA2DACCF08007222D3 /* mvonbehr-hw1Tests.xctest */,
				AC1CE5B42DACCF08007222D3 /* mvonbehr-hw1UITests.xctest */,
			);
			name = Products;
			sourceTree = "<group>";
		};
/* End PBXGroup section */

/* Begin PBXNativeTarget section */
		AC1CE5932DACCF07007222D3 /* mvonbehr-hw1 */ = {
			isa = PBXNativeTarget;
			buildConfigurationList = AC1CE5BD2DACCF08007222D3 /* Build configuration list for PBXNativeTarget "mvonbehr-hw1" */;
			buildPhases = (
				AC1CE5902DACCF07007222D3 /* Sources */,
				AC1CE5912DACCF07007222D3 /* Frameworks */,
				AC1CE5922DACCF07007222D3 /* Resources */,
			);
			buildRules = (
			);
			dependencies = (
			);
			fileSystemSynchronizedGroups = (
				AC1CE5962DACCF07007222D3 /* mvonbehr-hw1 */,
			);
			name = "mvonbehr-hw1";
			packageProductDependencies = (
			);
			productName = "mvonbehr-hw1";
			productReference = AC1CE5942DACCF07007222D3 /* mvonbehr-hw1.app */;
			productType = "com.apple.product-type.application";
		};
		AC1CE5A92DACCF08007222D3 /* mvonbehr-hw1Tests */ = {
			isa = PBXNativeTarget;
			buildConfigurationList = AC1CE5C22DACCF08007222D3 /* Build configuration list for PBXNativeTarget "mvonbehr-hw1Tests" */;
			buildPhases = (
				AC1CE5A62DACCF08007222D3 /* Sources */,
				AC1CE5A72DACCF08007222D3 /* Frameworks */,
				AC1CE5A82DACCF08007222D3 /* Resources */,
			);
			buildRules = (
			);
			dependencies = (
				AC1CE5AC2DACCF08007222D3 /* PBXTargetDependency */,
			);
			fileSystemSynchronizedGroups = (
				AC1CE5AD2DACCF08007222D3 /* mvonbehr-hw1Tests */,
			);
			name = "mvonbehr-hw1Tests";
			packageProductDependencies = (
			);
			productName = "mvonbehr-hw1Tests";
			productReference = AC1CE5AA2DACCF08007222D3 /* mvonbehr-hw1Tests.xctest */;
			productType = "com.apple.product-type.bundle.unit-test";
		};
		AC1CE5B32DACCF08007222D3 /* mvonbehr-hw1UITests */ = {
			isa = PBXNativeTarget;
			buildConfigurationList = AC1CE5C52DACCF08007222D3 /* Build configuration list for PBXNativeTarget "mvonbehr-hw1UITests" */;
			buildPhases = (
				AC1CE5B02DACCF08007222D3 /* Sources */,
				AC1CE5B12DACCF08007222D3 /* Frameworks */,
				AC1CE5B22DACCF08007222D3 /* Resources */,
			);
			buildRules = (
			);
			dependencies = (
				AC1CE5B62DACCF08007222D3 /* PBXTargetDependency */,
			);
			fileSystemSynchronizedGroups = (
				AC1CE5B72DACCF08007222D3 /* mvonbehr-hw1UITests */,
			);
			name = "mvonbehr-hw1UITests";
			packageProductDependencies = (
			);
			productName = "mvonbehr-hw1UITests";
			productReference = AC1CE5B42DACCF08007222D3 /* mvonbehr-hw1UITests.xctest */;
			productType = "com.apple.product-type.bundle.ui-testing";
		};
/* End PBXNativeTarget section */

/* Begin PBXProject section */
		AC1CE58C2DACCF07007222D3 /* Project object */ = {
			isa = PBXProject;
			attributes = {
				BuildIndependentTargetsInParallel = 1;
				LastSwiftUpdateCheck = 1630;
				LastUpgradeCheck = 1630;
				TargetAttributes = {
					AC1CE5932DACCF07007222D3 = {
						CreatedOnToolsVersion = 16.3;
					};
					AC1CE5A92DACCF08007222D3 = {
						CreatedOnToolsVersion = 16.3;
						TestTargetID = AC1CE5932DACCF07007222D3;
					};
					AC1CE5B32DACCF08007222D3 = {
						CreatedOnToolsVersion = 16.3;
						TestTargetID = AC1CE5932DACCF07007222D3;
					};
				};
			};
			buildConfigurationList = AC1CE58F2DACCF07007222D3 /* Build configuration list for PBXProject "mvonbehr-hw1" */;
			developmentRegion = en;
			hasScannedForEncodings = 0;
			knownRegions = (
				en,
				Base,
			);
			mainGroup = AC1CE58B2DACCF07007222D3;
			minimizedProjectReferenceProxies = 1;
			preferredProjectObjectVersion = 77;
			productRefGroup = AC1CE5952DACCF07007222D3 /* Products */;
			projectDirPath = "";
			projectRoot = "";
			targets = (
				AC1CE5932DACCF07007222D3 /* mvonbehr-hw1 */,
				AC1CE5A92DACCF08007222D3 /* mvonbehr-hw1Tests */,
				AC1CE5B32DACCF08007222D3 /* mvonbehr-hw1UITests */,
			);
		};
/* End PBXProject section */

/* Begin PBXResourcesBuildPhase section */
		AC1CE5922DACCF07007222D3 /* Resources */ = {
			isa = PBXResourcesBuildPhase;
			buildActionMask = 2147483647;
			files = (
			);
			runOnlyForDeploymentPostprocessing = 0;
		};
		AC1CE5A82DACCF08007222D3 /* Resources */ = {
			isa = PBXResourcesBuildPhase;
			buildActionMask = 2147483647;
			files = (
			);
			runOnlyForDeploymentPostprocessing = 0;
		};
		AC1CE5B22DACCF08007222D3 /* Resources */ = {
			isa = PBXResourcesBuildPhase;
			buildActionMask = 2147483647;
			files = (
			);
			runOnlyForDeploymentPostprocessing = 0;
		};
/* End PBXResourcesBuildPhase section */

/* Begin PBXSourcesBuildPhase section */
		AC1CE5902DACCF07007222D3 /* Sources */ = {
			isa = PBXSourcesBuildPhase;
			buildActionMask = 2147483647;
			files = (
			);
			runOnlyForDeploymentPostprocessing = 0;
		};
		AC1CE5A62DACCF08007222D3 /* Sources */ = {
			isa = PBXSourcesBuildPhase;
			buildActionMask = 2147483647;
			files = (
			);
			runOnlyForDeploymentPostprocessing = 0;
		};
		AC1CE5B02DACCF08007222D3 /* Sources */ = {
			isa = PBXSourcesBuildPhase;
			buildActionMask = 2147483647;
			files = (
			);
			runOnlyForDeploymentPostprocessing = 0;
		};
/* End PBXSourcesBuildPhase section */

/* Begin PBXTargetDependency section */
		AC1CE5AC2DACCF08007222D3 /* PBXTargetDependency */ = {
			isa = PBXTargetDependency;
			target = AC1CE5932DACCF07007222D3 /* mvonbehr-hw1 */;
			targetProxy = AC1CE5AB2DACCF08007222D3 /* PBXContainerItemProxy */;
		};
		AC1CE5B62DACCF08007222D3 /* PBXTargetDependency */ = {
			isa = PBXTargetDependency;
			target = AC1CE5932DACCF07007222D3 /* mvonbehr-hw1 */;
			targetProxy = AC1CE5B52DACCF08007222D3 /* PBXContainerItemProxy */;
		};
/* End PBXTargetDependency section */

/* Begin XCBuildConfiguration section */
		AC1CE5BE2DACCF08007222D3 /* Debug */ = {
			isa = XCBuildConfiguration;
			buildSettings = {
				ASSETCATALOG_COMPILER_APPICON_NAME = AppIcon;
				ASSETCATALOG_COMPILER_GLOBAL_ACCENT_COLOR_NAME = AccentColor;
				CODE_SIGN_STYLE = Automatic;
				CURRENT_PROJECT_VERSION = 1;
				DEVELOPMENT_TEAM = 6LYUN3ZU6G;
				GENERATE_INFOPLIST_FILE = YES;
				INFOPLIST_FILE = "mvonbehr-hw1/Info.plist";
				INFOPLIST_KEY_UIApplicationSupportsIndirectInputEvents = YES;
				INFOPLIST_KEY_UILaunchStoryboardName = LaunchScreen;
				INFOPLIST_KEY_UIMainStoryboardFile = Main;
				INFOPLIST_KEY_UISupportedInterfaceOrientations_iPad = "UIInterfaceOrientationPortrait UIInterfaceOrientationPortraitUpsideDown UIInterfaceOrientationLandscapeLeft UIInterfaceOrientationLandscapeRight";
				INFOPLIST_KEY_UISupportedInterfaceOrientations_iPhone = "UIInterfaceOrientationPortrait UIInterfaceOrientationLandscapeLeft UIInterfaceOrientationLandscapeRight";
				LD_RUNPATH_SEARCH_PATHS = (
					"$(inherited)",
					"@executable_path/Frameworks",
				);
				MARKETING_VERSION = 1.0;
				PRODUCT_BUNDLE_IDENTIFIER = "com.mvonbehren.mvonbehr-hw1";
				PRODUCT_NAME = "$(TARGET_NAME)";
				SWIFT_EMIT_LOC_STRINGS = YES;
				SWIFT_VERSION = 5.0;
				TARGETED_DEVICE_FAMILY = "1,2";
			};
			name = Debug;
		};
		AC1CE5BF2DACCF08007222D3 /* Release */ = {
			isa = XCBuildConfiguration;
			buildSettings = {
				ASSETCATALOG_COMPILER_APPICON_NAME = AppIcon;
				ASSETCATALOG_COMPILER_GLOBAL_ACCENT_COLOR_NAME = AccentColor;
				CODE_SIGN_STYLE = Automatic;
				CURRENT_PROJECT_VERSION = 1;
				DEVELOPMENT_TEAM = 6LYUN3ZU6G;
				GENERATE_INFOPLIST_FILE = YES;
				INFOPLIST_FILE = "mvonbehr-hw1/Info.plist";
				INFOPLIST_KEY_UIApplicationSupportsIndirectInputEvents = YES;
				INFOPLIST_KEY_UILaunchStoryboardName = LaunchScreen;
				INFOPLIST_KEY_UIMainStoryboardFile = Main;
				INFOPLIST_KEY_UISupportedInterfaceOrientations_iPad = "UIInterfaceOrientationPortrait UIInterfaceOrientationPortraitUpsideDown UIInterfaceOrientationLandscapeLeft UIInterfaceOrientationLandscapeRight";
				INFOPLIST_KEY_UISupportedInterfaceOrientations_iPhone = "UIInterfaceOrientationPortrait UIInterfaceOrientationLandscapeLeft UIInterfaceOrientationLandscapeRight";
				LD_RUNPATH_SEARCH_PATHS = (
					"$(inherited)",
					"@executable_path/Frameworks",
				);
				MARKETING_VERSION = 1.0;
				PRODUCT_BUNDLE_IDENTIFIER = "com.mvonbehren.mvonbehr-hw1";
				PRODUCT_NAME = "$(TARGET_NAME)";
				SWIFT_EMIT_LOC_STRINGS = YES;
				SWIFT_VERSION = 5.0;
				TARGETED_DEVICE_FAMILY = "1,2";
			};
			name = Release;
		};
		AC1CE5C02DACCF08007222D3 /* Debug */ = {
			isa = XCBuildConfiguration;
			buildSettings = {
				ALWAYS_SEARCH_USER_PATHS = NO;
				ASSETCATALOG_COMPILER_GENERATE_SWIFT_ASSET_SYMBOL_EXTENSIONS = YES;
				CLANG_ANALYZER_NONNULL = YES;
				CLANG_ANALYZER_NUMBER_OBJECT_CONVERSION = YES_AGGRESSIVE;
				CLANG_CXX_LANGUAGE_STANDARD = "gnu++20";
				CLANG_ENABLE_MODULES = YES;
				CLANG_ENABLE_OBJC_ARC = YES;
				CLANG_ENABLE_OBJC_WEAK = YES;
				CLANG_WARN_BLOCK_CAPTURE_AUTORELEASING = YES;
				CLANG_WARN_BOOL_CONVERSION = YES;
				CLANG_WARN_COMMA = YES;
				CLANG_WARN_CONSTANT_CONVERSION = YES;
				CLANG_WARN_DEPRECATED_OBJC_IMPLEMENTATIONS = YES;
				CLANG_WARN_DIRECT_OBJC_ISA_USAGE = YES_ERROR;
				CLANG_WARN_DOCUMENTATION_COMMENTS = YES;
				CLANG_WARN_EMPTY_BODY = YES;
				CLANG_WARN_ENUM_CONVERSION = YES;
				CLANG_WARN_INFINITE_RECURSION = YES;
				CLANG_WARN_INT_CONVERSION = YES;
				CLANG_WARN_NON_LITERAL_NULL_CONVERSION = YES;
				CLANG_WARN_OBJC_IMPLICIT_RETAIN_SELF = YES;
				CLANG_WARN_OBJC_LITERAL_CONVERSION = YES;
				CLANG_WARN_OBJC_ROOT_CLASS = YES_ERROR;
				CLANG_WARN_QUOTED_INCLUDE_IN_FRAMEWORK_HEADER = YES;
				CLANG_WARN_RANGE_LOOP_ANALYSIS = YES;
				CLANG_WARN_STRICT_PROTOTYPES = YES;
				CLANG_WARN_SUSPICIOUS_MOVE = YES;
				CLANG_WARN_UNGUARDED_AVAILABILITY = YES_AGGRESSIVE;
				CLANG_WARN_UNREACHABLE_CODE = YES;
				CLANG_WARN__DUPLICATE_METHOD_MATCH = YES;
				COPY_PHASE_STRIP = NO;
				DEBUG_INFORMATION_FORMAT = dwarf;
				DEVELOPMENT_TEAM = 6LYUN3ZU6G;
				ENABLE_STRICT_OBJC_MSGSEND = YES;
				ENABLE_TESTABILITY = YES;
				ENABLE_USER_SCRIPT_SANDBOXING = YES;
				GCC_C_LANGUAGE_STANDARD = gnu17;
				GCC_DYNAMIC_NO_PIC = NO;
				GCC_NO_COMMON_BLOCKS = YES;
				GCC_OPTIMIZATION_LEVEL = 0;
				GCC_PREPROCESSOR_DEFINITIONS = (
					"DEBUG=1",
					"$(inherited)",
				);
				GCC_WARN_64_TO_32_BIT_CONVERSION = YES;
				GCC_WARN_ABOUT_RETURN_TYPE = YES_ERROR;
				GCC_WARN_UNDECLARED_SELECTOR = YES;
				GCC_WARN_UNINITIALIZED_AUTOS = YES_AGGRESSIVE;
				GCC_WARN_UNUSED_FUNCTION = YES;
				GCC_WARN_UNUSED_VARIABLE = YES;
				IPHONEOS_DEPLOYMENT_TARGET = 18.4;
				LOCALIZATION_PREFERS_STRING_CATALOGS = YES;
				MTL_ENABLE_DEBUG_INFO = INCLUDE_SOURCE;
				MTL_FAST_MATH = YES;
				ONLY_ACTIVE_ARCH = YES;
				SDKROOT = iphoneos;
				SWIFT_ACTIVE_COMPILATION_CONDITIONS = "DEBUG $(inherited)";
				SWIFT_OPTIMIZATION_LEVEL = "-Onone";
			};
			name = Debug;
		};
		AC1CE5C12DACCF08007222D3 /* Release */ = {
			isa = XCBuildConfiguration;
			buildSettings = {
				ALWAYS_SEARCH_USER_PATHS = NO;
				ASSETCATALOG_COMPILER_GENERATE_SWIFT_ASSET_SYMBOL_EXTENSIONS = YES;
				CLANG_ANALYZER_NONNULL = YES;
				CLANG_ANALYZER_NUMBER_OBJECT_CONVERSION = YES_AGGRESSIVE;
				CLANG_CXX_LANGUAGE_STANDARD = "gnu++20";
				CLANG_ENABLE_MODULES = YES;
				CLANG_ENABLE_OBJC_ARC = YES;
				CLANG_ENABLE_OBJC_WEAK = YES;
				CLANG_WARN_BLOCK_CAPTURE_AUTORELEASING = YES;
				CLANG_WARN_BOOL_CONVERSION = YES;
				CLANG_WARN_COMMA = YES;
				CLANG_WARN_CONSTANT_CONVERSION = YES;
				CLANG_WARN_DEPRECATED_OBJC_IMPLEMENTATIONS = YES;
				CLANG_WARN_DIRECT_OBJC_ISA_USAGE = YES_ERROR;
				CLANG_WARN_DOCUMENTATION_COMMENTS = YES;
				CLANG_WARN_EMPTY_BODY = YES;
				CLANG_WARN_ENUM_CONVERSION = YES;
				CLANG_WARN_INFINITE_RECURSION = YES;
				CLANG_WARN_INT_CONVERSION = YES;
				CLANG_WARN_NON_LITERAL_NULL_CONVERSION = YES;
				CLANG_WARN_OBJC_IMPLICIT_RETAIN_SELF = YES;
				CLANG_WARN_OBJC_LITERAL_CONVERSION = YES;
				CLANG_WARN_OBJC_ROOT_CLASS = YES_ERROR;
				CLANG_WARN_QUOTED_INCLUDE_IN_FRAMEWORK_HEADER = YES;
				CLANG_WARN_RANGE_LOOP_ANALYSIS = YES;
				CLANG_WARN_STRICT_PROTOTYPES = YES;
				CLANG_WARN_SUSPICIOUS_MOVE = YES;
				CLANG_WARN_UNGUARDED_AVAILABILITY = YES_AGGRESSIVE;
				CLANG_WARN_UNREACHABLE_CODE = YES;
				CLANG_WARN__DUPLICATE_METHOD_MATCH = YES;
				COPY_PHASE_STRIP = NO;
				DEBUG_INFORMATION_FORMAT = "dwarf-with-dsym";
				DEVELOPMENT_TEAM = 6LYUN3ZU6G;
				ENABLE_NS_ASSERTIONS = NO;
				ENABLE_STRICT_OBJC_MSGSEND = YES;
				ENABLE_USER_SCRIPT_SANDBOXING = YES;
				GCC_C_LANGUAGE_STANDARD = gnu17;
				GCC_NO_COMMON_BLOCKS = YES;
				GCC_WARN_64_TO_32_BIT_CONVERSION = YES;
				GCC_WARN_ABOUT_RETURN_TYPE = YES_ERROR;
				GCC_WARN_UNDECLARED_SELECTOR = YES;
				GCC_WARN_UNINITIALIZED_AUTOS = YES_AGGRESSIVE;
				GCC_WARN_UNUSED_FUNCTION = YES;
				GCC_WARN_UNUSED_VARIABLE = YES;
				IPHONEOS_DEPLOYMENT_TARGET = 18.4;
				LOCALIZATION_PREFERS_STRING_CATALOGS = YES;
				MTL_ENABLE_DEBUG_INFO = NO;
				MTL_FAST_MATH = YES;
				SDKROOT = iphoneos;
				SWIFT_COMPILATION_MODE = wholemodule;
				VALIDATE_PRODUCT = YES;
			};
			name = Release;
		};
		AC1CE5C32DACCF08007222D3 /* Debug */ = {
			isa = XCBuildConfiguration;
			buildSettings = {
				BUNDLE_LOADER = "$(TEST_HOST)";
				CODE_SIGN_STYLE = Automatic;
				CURRENT_PROJECT_VERSION = 1;
				DEVELOPMENT_TEAM = 6LYUN3ZU6G;
				GENERATE_INFOPLIST_FILE = YES;
				IPHONEOS_DEPLOYMENT_TARGET = 18.4;
				MARKETING_VERSION = 1.0;
				PRODUCT_BUNDLE_IDENTIFIER = "com.mvonbehren.mvonbehr-hw1Tests";
				PRODUCT_NAME = "$(TARGET_NAME)";
				SWIFT_EMIT_LOC_STRINGS = NO;
				SWIFT_VERSION = 5.0;
				TARGETED_DEVICE_FAMILY = "1,2";
				TEST_HOST = "$(BUILT_PRODUCTS_DIR)/mvonbehr-hw1.app/$(BUNDLE_EXECUTABLE_FOLDER_PATH)/mvonbehr-hw1";
			};
			name = Debug;
		};
		AC1CE5C42DACCF08007222D3 /* Release */ = {
			isa = XCBuildConfiguration;
			buildSettings = {
				BUNDLE_LOADER = "$(TEST_HOST)";
				CODE_SIGN_STYLE = Automatic;
				CURRENT_PROJECT_VERSION = 1;
				DEVELOPMENT_TEAM = 6LYUN3ZU6G;
				GENERATE_INFOPLIST_FILE = YES;
				IPHONEOS_DEPLOYMENT_TARGET = 18.4;
				MARKETING_VERSION = 1.0;
				PRODUCT_BUNDLE_IDENTIFIER = "com.mvonbehren.mvonbehr-hw1Tests";
				PRODUCT_NAME = "$(TARGET_NAME)";
				SWIFT_EMIT_LOC_STRINGS = NO;
				SWIFT_VERSION = 5.0;
				TARGETED_DEVICE_FAMILY = "1,2";
				TEST_HOST = "$(BUILT_PRODUCTS_DIR)/mvonbehr-hw1.app/$(BUNDLE_EXECUTABLE_FOLDER_PATH)/mvonbehr-hw1";
			};
			name = Release;
		};
		AC1CE5C62DACCF08007222D3 /* Debug */ = {
			isa = XCBuildConfiguration;
			buildSettings = {
				CODE_SIGN_STYLE = Automatic;
				CURRENT_PROJECT_VERSION = 1;
				DEVELOPMENT_TEAM = 6LYUN3ZU6G;
				GENERATE_INFOPLIST_FILE = YES;
				MARKETING_VERSION = 1.0;
				PRODUCT_BUNDLE_IDENTIFIER = "com.mvonbehren.mvonbehr-hw1UITests";
				PRODUCT_NAME = "$(TARGET_NAME)";
				SWIFT_EMIT_LOC_STRINGS = NO;
				SWIFT_VERSION = 5.0;
				TARGETED_DEVICE_FAMILY = "1,2";
				TEST_TARGET_NAME = "mvonbehr-hw1";
			};
			name = Debug;
		};
		AC1CE5C72DACCF08007222D3 /* Release */ = {
			isa = XCBuildConfiguration;
			buildSettings = {
				CODE_SIGN_STYLE = Automatic;
				CURRENT_PROJECT_VERSION = 1;
				DEVELOPMENT_TEAM = 6LYUN3ZU6G;
				GENERATE_INFOPLIST_FILE = YES;
				MARKETING_VERSION = 1.0;
				PRODUCT_BUNDLE_IDENTIFIER = "com.mvonbehren.mvonbehr-hw1UITests";
				PRODUCT_NAME = "$(TARGET_NAME)";
				SWIFT_EMIT_LOC_STRINGS = NO;
				SWIFT_VERSION = 5.0;
				TARGETED_DEVICE_FAMILY = "1,2";
				TEST_TARGET_NAME = "mvonbehr-hw1";
			};
			name = Release;
		};
/* End XCBuildConfiguration section */

/* Begin XCConfigurationList section */
		AC1CE58F2DACCF07007222D3 /* Build configuration list for PBXProject "mvonbehr-hw1" */ = {
			isa = XCConfigurationList;
			buildConfigurations = (
				AC1CE5C02DACCF08007222D3 /* Debug */,
				AC1CE5C12DACCF08007222D3 /* Release */,
			);
			defaultConfigurationIsVisible = 0;
			defaultConfigurationName = Release;
		};
		AC1CE5BD2DACCF08007222D3 /* Build configuration list for PBXNativeTarget "mvonbehr-hw1" */ = {
			isa = XCConfigurationList;
			buildConfigurations = (
				AC1CE5BE2DACCF08007222D3 /* Debug */,
				AC1CE5BF2DACCF08007222D3 /* Release */,
			);
			defaultConfigurationIsVisible = 0;
			defaultConfigurationName = Release;
		};
		AC1CE5C22DACCF08007222D3 /* Build configuration list for PBXNativeTarget "mvonbehr-hw1Tests" */ = {
			isa = XCConfigurationList;
			buildConfigurations = (
				AC1CE5C32DACCF08007222D3 /* Debug */,
				AC1CE5C42DACCF08007222D3 /* Release */,
			);
			defaultConfigurationIsVisible = 0;
			defaultConfigurationName = Release;
		};
		AC1CE5C52DACCF08007222D3 /* Build configuration list for PBXNativeTarget "mvonbehr-hw1UITests" */ = {
			isa = XCConfigurationList;
			buildConfigurations = (
				AC1CE5C62DACCF08007222D3 /* Debug */,
				AC1CE5C72DACCF08007222D3 /* Release */,
			);
			defaultConfigurationIsVisible = 0;
			defaultConfigurationName = Release;
		};
/* End XCConfigurationList section */
	};
	rootObject = AC1CE58C2DACCF07007222D3 /* Project object */;
}
